// !$*UTF8*$!
{
	archiveVersion = 1;
	classes = {
	};
	objectVersion = 46;
	objects = {

/* Begin PBXBuildFile section */
		76560B5C1EB9F99400CF4945 /* PXLineChart.h in Headers */ = {isa = PBXBuildFile; fileRef = 76560B5B1EB9F99400CF4945 /* PXLineChart.h */; settings = {ATTRIBUTES = (Public, ); }; };
		76A708C81E9E418B0007BC8E /* main.m in Sources */ = {isa = PBXBuildFile; fileRef = 76A708C71E9E418B0007BC8E /* main.m */; };
		76A708CB1E9E418B0007BC8E /* AppDelegate.m in Sources */ = {isa = PBXBuildFile; fileRef = 76A708CA1E9E418B0007BC8E /* AppDelegate.m */; };
		76A708CE1E9E418B0007BC8E /* ViewController.m in Sources */ = {isa = PBXBuildFile; fileRef = 76A708CD1E9E418B0007BC8E /* ViewController.m */; };
		76A708D11E9E418B0007BC8E /* Main.storyboard in Resources */ = {isa = PBXBuildFile; fileRef = 76A708CF1E9E418B0007BC8E /* Main.storyboard */; };
		76A708D31E9E418B0007BC8E /* Assets.xcassets in Resources */ = {isa = PBXBuildFile; fileRef = 76A708D21E9E418B0007BC8E /* Assets.xcassets */; };
		76A708D61E9E418B0007BC8E /* LaunchScreen.storyboard in Resources */ = {isa = PBXBuildFile; fileRef = 76A708D41E9E418B0007BC8E /* LaunchScreen.storyboard */; };
		76A708E11E9E418B0007BC8E /* PXLineChartTests.m in Sources */ = {isa = PBXBuildFile; fileRef = 76A708E01E9E418B0007BC8E /* PXLineChartTests.m */; };
		76A708EC1E9E418B0007BC8E /* PXLineChartUITests.m in Sources */ = {isa = PBXBuildFile; fileRef = 76A708EB1E9E418B0007BC8E /* PXLineChartUITests.m */; };
		76A708FC1E9E41E30007BC8E /* PXLineChartView.m in Sources */ = {isa = PBXBuildFile; fileRef = 76A708FB1E9E41E30007BC8E /* PXLineChartView.m */; };
		76A709001E9F27EF0007BC8E /* PXLineChartConst.m in Sources */ = {isa = PBXBuildFile; fileRef = 76A708FF1E9F27EF0007BC8E /* PXLineChartConst.m */; };
		76A709031E9F5A170007BC8E /* PXYview.m in Sources */ = {isa = PBXBuildFile; fileRef = 76A709021E9F5A170007BC8E /* PXYview.m */; };
		76A709061E9F5A320007BC8E /* PXXview.m in Sources */ = {isa = PBXBuildFile; fileRef = 76A709051E9F5A320007BC8E /* PXXview.m */; };
		76A709091E9F5A890007BC8E /* PXChartBackgroundView.m in Sources */ = {isa = PBXBuildFile; fileRef = 76A709081E9F5A890007BC8E /* PXChartBackgroundView.m */; };
		76B12D0E1EA206310087CE49 /* PointItem.m in Sources */ = {isa = PBXBuildFile; fileRef = 76B12D0D1EA206310087CE49 /* PointItem.m */; };
		76CEA5D01EB17FDC00136FA0 /* PXLineChart.framework in Frameworks */ = {isa = PBXBuildFile; fileRef = 76CEA5C91EB17FDC00136FA0 /* PXLineChart.framework */; };
		76CEA5D11EB17FDC00136FA0 /* PXLineChart.framework in Embed Frameworks */ = {isa = PBXBuildFile; fileRef = 76CEA5C91EB17FDC00136FA0 /* PXLineChart.framework */; settings = {ATTRIBUTES = (CodeSignOnCopy, RemoveHeadersOnCopy, ); }; };
		76CEA5DD1EB1814E00136FA0 /* PXLineChartView.h in Headers */ = {isa = PBXBuildFile; fileRef = 76A708FA1E9E41E30007BC8E /* PXLineChartView.h */; settings = {ATTRIBUTES = (Public, ); }; };
		76CEA5DE1EB1815E00136FA0 /* PXChartBackgroundView.h in Headers */ = {isa = PBXBuildFile; fileRef = 76A709071E9F5A890007BC8E /* PXChartBackgroundView.h */; settings = {ATTRIBUTES = (Public, ); }; };
		76CEA5DF1EB1815E00136FA0 /* PXLineChartConst.h in Headers */ = {isa = PBXBuildFile; fileRef = 76A708FE1E9F27EF0007BC8E /* PXLineChartConst.h */; settings = {ATTRIBUTES = (Public, ); }; };
		76CEA5E01EB1815E00136FA0 /* PointItemProtocol.h in Headers */ = {isa = PBXBuildFile; fileRef = 766FA9D71EA2046C00C85C2E /* PointItemProtocol.h */; settings = {ATTRIBUTES = (Public, ); }; };
		76CEA5E11EB1815E00136FA0 /* PXYview.h in Headers */ = {isa = PBXBuildFile; fileRef = 76A709011E9F5A170007BC8E /* PXYview.h */; settings = {ATTRIBUTES = (Public, ); }; };
		76CEA5E21EB1815E00136FA0 /* PXXview.h in Headers */ = {isa = PBXBuildFile; fileRef = 76A709041E9F5A320007BC8E /* PXXview.h */; settings = {ATTRIBUTES = (Public, ); }; };
		76CEA5E31EB1817200136FA0 /* PXLineChartView.m in Sources */ = {isa = PBXBuildFile; fileRef = 76A708FB1E9E41E30007BC8E /* PXLineChartView.m */; };
		76CEA5E41EB1817200136FA0 /* PXChartBackgroundView.m in Sources */ = {isa = PBXBuildFile; fileRef = 76A709081E9F5A890007BC8E /* PXChartBackgroundView.m */; };
		76CEA5E51EB1817200136FA0 /* PXLineChartConst.m in Sources */ = {isa = PBXBuildFile; fileRef = 76A708FF1E9F27EF0007BC8E /* PXLineChartConst.m */; };
		76CEA5E61EB1817200136FA0 /* PXYview.m in Sources */ = {isa = PBXBuildFile; fileRef = 76A709021E9F5A170007BC8E /* PXYview.m */; };
		76CEA5E71EB1817200136FA0 /* PXXview.m in Sources */ = {isa = PBXBuildFile; fileRef = 76A709051E9F5A320007BC8E /* PXXview.m */; };
/* End PBXBuildFile section */

/* Begin PBXContainerItemProxy section */
		76A708DD1E9E418B0007BC8E /* PBXContainerItemProxy */ = {
			isa = PBXContainerItemProxy;
			containerPortal = 76A708BB1E9E418B0007BC8E /* Project object */;
			proxyType = 1;
			remoteGlobalIDString = 76A708C21E9E418B0007BC8E;
			remoteInfo = PXLineChart;
		};
		76A708E81E9E418B0007BC8E /* PBXContainerItemProxy */ = {
			isa = PBXContainerItemProxy;
			containerPortal = 76A708BB1E9E418B0007BC8E /* Project object */;
			proxyType = 1;
			remoteGlobalIDString = 76A708C21E9E418B0007BC8E;
			remoteInfo = PXLineChart;
		};
		76CEA5CE1EB17FDC00136FA0 /* PBXContainerItemProxy */ = {
			isa = PBXContainerItemProxy;
			containerPortal = 76A708BB1E9E418B0007BC8E /* Project object */;
			proxyType = 1;
			remoteGlobalIDString = 76CEA5C81EB17FDC00136FA0;
			remoteInfo = PXLineChartFramework;
		};
/* End PBXContainerItemProxy section */

/* Begin PBXCopyFilesBuildPhase section */
		76CEA5D51EB17FDC00136FA0 /* Embed Frameworks */ = {
			isa = PBXCopyFilesBuildPhase;
			buildActionMask = 2147483647;
			dstPath = "";
			dstSubfolderSpec = 10;
			files = (
				76CEA5D11EB17FDC00136FA0 /* PXLineChart.framework in Embed Frameworks */,
			);
			name = "Embed Frameworks";
			runOnlyForDeploymentPostprocessing = 0;
		};
/* End PBXCopyFilesBuildPhase section */

/* Begin PBXFileReference section */
		76560B5B1EB9F99400CF4945 /* PXLineChart.h */ = {isa = PBXFileReference; fileEncoding = 4; lastKnownFileType = sourcecode.c.h; path = PXLineChart.h; sourceTree = "<group>"; };
		766FA9D71EA2046C00C85C2E /* PointItemProtocol.h */ = {isa = PBXFileReference; fileEncoding = 4; lastKnownFileType = sourcecode.c.h; path = PointItemProtocol.h; sourceTree = "<group>"; };
		76A708C31E9E418B0007BC8E /* PXLineChart.app */ = {isa = PBXFileReference; explicitFileType = wrapper.application; includeInIndex = 0; path = PXLineChart.app; sourceTree = BUILT_PRODUCTS_DIR; };
		76A708C71E9E418B0007BC8E /* main.m */ = {isa = PBXFileReference; lastKnownFileType = sourcecode.c.objc; path = main.m; sourceTree = "<group>"; };
		76A708C91E9E418B0007BC8E /* AppDelegate.h */ = {isa = PBXFileReference; lastKnownFileType = sourcecode.c.h; path = AppDelegate.h; sourceTree = "<group>"; };
		76A708CA1E9E418B0007BC8E /* AppDelegate.m */ = {isa = PBXFileReference; lastKnownFileType = sourcecode.c.objc; path = AppDelegate.m; sourceTree = "<group>"; };
		76A708CC1E9E418B0007BC8E /* ViewController.h */ = {isa = PBXFileReference; lastKnownFileType = sourcecode.c.h; path = ViewController.h; sourceTree = "<group>"; };
		76A708CD1E9E418B0007BC8E /* ViewController.m */ = {isa = PBXFileReference; lastKnownFileType = sourcecode.c.objc; path = ViewController.m; sourceTree = "<group>"; };
		76A708D01E9E418B0007BC8E /* Base */ = {isa = PBXFileReference; lastKnownFileType = file.storyboard; name = Base; path = Base.lproj/Main.storyboard; sourceTree = "<group>"; };
		76A708D21E9E418B0007BC8E /* Assets.xcassets */ = {isa = PBXFileReference; lastKnownFileType = folder.assetcatalog; path = Assets.xcassets; sourceTree = "<group>"; };
		76A708D51E9E418B0007BC8E /* Base */ = {isa = PBXFileReference; lastKnownFileType = file.storyboard; name = Base; path = Base.lproj/LaunchScreen.storyboard; sourceTree = "<group>"; };
		76A708D71E9E418B0007BC8E /* Info.plist */ = {isa = PBXFileReference; lastKnownFileType = text.plist.xml; path = Info.plist; sourceTree = "<group>"; };
		76A708DC1E9E418B0007BC8E /* PXLineChartTests.xctest */ = {isa = PBXFileReference; explicitFileType = wrapper.cfbundle; includeInIndex = 0; path = PXLineChartTests.xctest; sourceTree = BUILT_PRODUCTS_DIR; };
		76A708E01E9E418B0007BC8E /* PXLineChartTests.m */ = {isa = PBXFileReference; lastKnownFileType = sourcecode.c.objc; path = PXLineChartTests.m; sourceTree = "<group>"; };
		76A708E21E9E418B0007BC8E /* Info.plist */ = {isa = PBXFileReference; lastKnownFileType = text.plist.xml; path = Info.plist; sourceTree = "<group>"; };
		76A708E71E9E418B0007BC8E /* PXLineChartUITests.xctest */ = {isa = PBXFileReference; explicitFileType = wrapper.cfbundle; includeInIndex = 0; path = PXLineChartUITests.xctest; sourceTree = BUILT_PRODUCTS_DIR; };
		76A708EB1E9E418B0007BC8E /* PXLineChartUITests.m */ = {isa = PBXFileReference; lastKnownFileType = sourcecode.c.objc; path = PXLineChartUITests.m; sourceTree = "<group>"; };
		76A708ED1E9E418B0007BC8E /* Info.plist */ = {isa = PBXFileReference; lastKnownFileType = text.plist.xml; path = Info.plist; sourceTree = "<group>"; };
		76A708FA1E9E41E30007BC8E /* PXLineChartView.h */ = {isa = PBXFileReference; fileEncoding = 4; lastKnownFileType = sourcecode.c.h; path = PXLineChartView.h; sourceTree = "<group>"; };
		76A708FB1E9E41E30007BC8E /* PXLineChartView.m */ = {isa = PBXFileReference; fileEncoding = 4; lastKnownFileType = sourcecode.c.objc; path = PXLineChartView.m; sourceTree = "<group>"; };
		76A708FE1E9F27EF0007BC8E /* PXLineChartConst.h */ = {isa = PBXFileReference; fileEncoding = 4; lastKnownFileType = sourcecode.c.h; path = PXLineChartConst.h; sourceTree = "<group>"; };
		76A708FF1E9F27EF0007BC8E /* PXLineChartConst.m */ = {isa = PBXFileReference; fileEncoding = 4; lastKnownFileType = sourcecode.c.objc; path = PXLineChartConst.m; sourceTree = "<group>"; };
		76A709011E9F5A170007BC8E /* PXYview.h */ = {isa = PBXFileReference; fileEncoding = 4; lastKnownFileType = sourcecode.c.h; path = PXYview.h; sourceTree = "<group>"; };
		76A709021E9F5A170007BC8E /* PXYview.m */ = {isa = PBXFileReference; fileEncoding = 4; lastKnownFileType = sourcecode.c.objc; path = PXYview.m; sourceTree = "<group>"; };
		76A709041E9F5A320007BC8E /* PXXview.h */ = {isa = PBXFileReference; fileEncoding = 4; lastKnownFileType = sourcecode.c.h; path = PXXview.h; sourceTree = "<group>"; };
		76A709051E9F5A320007BC8E /* PXXview.m */ = {isa = PBXFileReference; fileEncoding = 4; lastKnownFileType = sourcecode.c.objc; path = PXXview.m; sourceTree = "<group>"; };
		76A709071E9F5A890007BC8E /* PXChartBackgroundView.h */ = {isa = PBXFileReference; fileEncoding = 4; lastKnownFileType = sourcecode.c.h; path = PXChartBackgroundView.h; sourceTree = "<group>"; };
		76A709081E9F5A890007BC8E /* PXChartBackgroundView.m */ = {isa = PBXFileReference; fileEncoding = 4; lastKnownFileType = sourcecode.c.objc; path = PXChartBackgroundView.m; sourceTree = "<group>"; };
		76B12D0C1EA206310087CE49 /* PointItem.h */ = {isa = PBXFileReference; fileEncoding = 4; lastKnownFileType = sourcecode.c.h; path = PointItem.h; sourceTree = "<group>"; };
		76B12D0D1EA206310087CE49 /* PointItem.m */ = {isa = PBXFileReference; fileEncoding = 4; lastKnownFileType = sourcecode.c.objc; path = PointItem.m; sourceTree = "<group>"; };
		76CEA5C91EB17FDC00136FA0 /* PXLineChart.framework */ = {isa = PBXFileReference; explicitFileType = wrapper.framework; includeInIndex = 0; path = PXLineChart.framework; sourceTree = BUILT_PRODUCTS_DIR; };
		76CEA5CC1EB17FDC00136FA0 /* Info.plist */ = {isa = PBXFileReference; lastKnownFileType = text.plist.xml; path = Info.plist; sourceTree = "<group>"; };
/* End PBXFileReference section */

/* Begin PBXFrameworksBuildPhase section */
		76A708C01E9E418B0007BC8E /* Frameworks */ = {
			isa = PBXFrameworksBuildPhase;
			buildActionMask = 2147483647;
			files = (
				76CEA5D01EB17FDC00136FA0 /* PXLineChart.framework in Frameworks */,
			);
			runOnlyForDeploymentPostprocessing = 0;
		};
		76A708D91E9E418B0007BC8E /* Frameworks */ = {
			isa = PBXFrameworksBuildPhase;
			buildActionMask = 2147483647;
			files = (
			);
			runOnlyForDeploymentPostprocessing = 0;
		};
		76A708E41E9E418B0007BC8E /* Frameworks */ = {
			isa = PBXFrameworksBuildPhase;
			buildActionMask = 2147483647;
			files = (
			);
			runOnlyForDeploymentPostprocessing = 0;
		};
		76CEA5C51EB17FDC00136FA0 /* Frameworks */ = {
			isa = PBXFrameworksBuildPhase;
			buildActionMask = 2147483647;
			files = (
			);
			runOnlyForDeploymentPostprocessing = 0;
		};
/* End PBXFrameworksBuildPhase section */

/* Begin PBXGroup section */
		76A708BA1E9E418B0007BC8E = {
			isa = PBXGroup;
			children = (
				76A708C51E9E418B0007BC8E /* PXLineChart */,
				76A708DF1E9E418B0007BC8E /* PXLineChartTests */,
				76A708EA1E9E418B0007BC8E /* PXLineChartUITests */,
				76CEA5CA1EB17FDC00136FA0 /* PXLineChartFramework */,
				76A708C41E9E418B0007BC8E /* Products */,
			);
			sourceTree = "<group>";
		};
		76A708C41E9E418B0007BC8E /* Products */ = {
			isa = PBXGroup;
			children = (
				76A708C31E9E418B0007BC8E /* PXLineChart.app */,
				76A708DC1E9E418B0007BC8E /* PXLineChartTests.xctest */,
				76A708E71E9E418B0007BC8E /* PXLineChartUITests.xctest */,
				76CEA5C91EB17FDC00136FA0 /* PXLineChart.framework */,
			);
			name = Products;
			sourceTree = "<group>";
		};
		76A708C51E9E418B0007BC8E /* PXLineChart */ = {
			isa = PBXGroup;
			children = (
				76A708F91E9E41B50007BC8E /* LineChart */,
				76A708C91E9E418B0007BC8E /* AppDelegate.h */,
				76A708CA1E9E418B0007BC8E /* AppDelegate.m */,
				76A708CC1E9E418B0007BC8E /* ViewController.h */,
				76A708CD1E9E418B0007BC8E /* ViewController.m */,
				76A708CF1E9E418B0007BC8E /* Main.storyboard */,
				76A708D21E9E418B0007BC8E /* Assets.xcassets */,
				76A708D41E9E418B0007BC8E /* LaunchScreen.storyboard */,
				76A708D71E9E418B0007BC8E /* Info.plist */,
				76A708C61E9E418B0007BC8E /* Supporting Files */,
				76B12D0C1EA206310087CE49 /* PointItem.h */,
				76B12D0D1EA206310087CE49 /* PointItem.m */,
			);
			path = PXLineChart;
			sourceTree = "<group>";
		};
		76A708C61E9E418B0007BC8E /* Supporting Files */ = {
			isa = PBXGroup;
			children = (
				76A708C71E9E418B0007BC8E /* main.m */,
			);
			name = "Supporting Files";
			sourceTree = "<group>";
		};
		76A708DF1E9E418B0007BC8E /* PXLineChartTests */ = {
			isa = PBXGroup;
			children = (
				76A708E01E9E418B0007BC8E /* PXLineChartTests.m */,
				76A708E21E9E418B0007BC8E /* Info.plist */,
			);
			path = PXLineChartTests;
			sourceTree = "<group>";
		};
		76A708EA1E9E418B0007BC8E /* PXLineChartUITests */ = {
			isa = PBXGroup;
			children = (
				76A708EB1E9E418B0007BC8E /* PXLineChartUITests.m */,
				76A708ED1E9E418B0007BC8E /* Info.plist */,
			);
			path = PXLineChartUITests;
			sourceTree = "<group>";
		};
		76A708F91E9E41B50007BC8E /* LineChart */ = {
			isa = PBXGroup;
			children = (
				76A708FA1E9E41E30007BC8E /* PXLineChartView.h */,
				76A708FB1E9E41E30007BC8E /* PXLineChartView.m */,
				76A709071E9F5A890007BC8E /* PXChartBackgroundView.h */,
				76A709081E9F5A890007BC8E /* PXChartBackgroundView.m */,
				76A708FE1E9F27EF0007BC8E /* PXLineChartConst.h */,
				76A708FF1E9F27EF0007BC8E /* PXLineChartConst.m */,
				766FA9D71EA2046C00C85C2E /* PointItemProtocol.h */,
				76A709011E9F5A170007BC8E /* PXYview.h */,
				76A709021E9F5A170007BC8E /* PXYview.m */,
				76A709041E9F5A320007BC8E /* PXXview.h */,
				76A709051E9F5A320007BC8E /* PXXview.m */,
				76560B5B1EB9F99400CF4945 /* PXLineChart.h */,
			);
			path = LineChart;
			sourceTree = "<group>";
		};
		76CEA5CA1EB17FDC00136FA0 /* PXLineChartFramework */ = {
			isa = PBXGroup;
			children = (
				76CEA5CC1EB17FDC00136FA0 /* Info.plist */,
			);
			path = PXLineChartFramework;
			sourceTree = "<group>";
		};
/* End PBXGroup section */

/* Begin PBXHeadersBuildPhase section */
		76CEA5C61EB17FDC00136FA0 /* Headers */ = {
			isa = PBXHeadersBuildPhase;
			buildActionMask = 2147483647;
			files = (
				76CEA5DD1EB1814E00136FA0 /* PXLineChartView.h in Headers */,
				76CEA5DE1EB1815E00136FA0 /* PXChartBackgroundView.h in Headers */,
				76CEA5DF1EB1815E00136FA0 /* PXLineChartConst.h in Headers */,
				76CEA5E01EB1815E00136FA0 /* PointItemProtocol.h in Headers */,
				76CEA5E11EB1815E00136FA0 /* PXYview.h in Headers */,
				76560B5C1EB9F99400CF4945 /* PXLineChart.h in Headers */,
				76CEA5E21EB1815E00136FA0 /* PXXview.h in Headers */,
			);
			runOnlyForDeploymentPostprocessing = 0;
		};
/* End PBXHeadersBuildPhase section */

/* Begin PBXNativeTarget section */
		76A708C21E9E418B0007BC8E /* PXLineChart */ = {
			isa = PBXNativeTarget;
			buildConfigurationList = 76A708F01E9E418B0007BC8E /* Build configuration list for PBXNativeTarget "PXLineChart" */;
			buildPhases = (
				76A708BF1E9E418B0007BC8E /* Sources */,
				76A708C01E9E418B0007BC8E /* Frameworks */,
				76A708C11E9E418B0007BC8E /* Resources */,
				76CEA5D51EB17FDC00136FA0 /* Embed Frameworks */,
			);
			buildRules = (
			);
			dependencies = (
				76CEA5CF1EB17FDC00136FA0 /* PBXTargetDependency */,
			);
			name = PXLineChart;
			productName = PXLineChart;
			productReference = 76A708C31E9E418B0007BC8E /* PXLineChart.app */;
			productType = "com.apple.product-type.application";
		};
		76A708DB1E9E418B0007BC8E /* PXLineChartTests */ = {
			isa = PBXNativeTarget;
			buildConfigurationList = 76A708F31E9E418B0007BC8E /* Build configuration list for PBXNativeTarget "PXLineChartTests" */;
			buildPhases = (
				76A708D81E9E418B0007BC8E /* Sources */,
				76A708D91E9E418B0007BC8E /* Frameworks */,
				76A708DA1E9E418B0007BC8E /* Resources */,
			);
			buildRules = (
			);
			dependencies = (
				76A708DE1E9E418B0007BC8E /* PBXTargetDependency */,
			);
			name = PXLineChartTests;
			productName = PXLineChartTests;
			productReference = 76A708DC1E9E418B0007BC8E /* PXLineChartTests.xctest */;
			productType = "com.apple.product-type.bundle.unit-test";
		};
		76A708E61E9E418B0007BC8E /* PXLineChartUITests */ = {
			isa = PBXNativeTarget;
			buildConfigurationList = 76A708F61E9E418B0007BC8E /* Build configuration list for PBXNativeTarget "PXLineChartUITests" */;
			buildPhases = (
				76A708E31E9E418B0007BC8E /* Sources */,
				76A708E41E9E418B0007BC8E /* Frameworks */,
				76A708E51E9E418B0007BC8E /* Resources */,
			);
			buildRules = (
			);
			dependencies = (
				76A708E91E9E418B0007BC8E /* PBXTargetDependency */,
			);
			name = PXLineChartUITests;
			productName = PXLineChartUITests;
			productReference = 76A708E71E9E418B0007BC8E /* PXLineChartUITests.xctest */;
			productType = "com.apple.product-type.bundle.ui-testing";
		};
		76CEA5C81EB17FDC00136FA0 /* PXLineChartFramework */ = {
			isa = PBXNativeTarget;
			buildConfigurationList = 76CEA5D41EB17FDC00136FA0 /* Build configuration list for PBXNativeTarget "PXLineChartFramework" */;
			buildPhases = (
				76CEA5C41EB17FDC00136FA0 /* Sources */,
				76CEA5C51EB17FDC00136FA0 /* Frameworks */,
				76CEA5C61EB17FDC00136FA0 /* Headers */,
				76CEA5C71EB17FDC00136FA0 /* Resources */,
			);
			buildRules = (
			);
			dependencies = (
			);
			name = PXLineChartFramework;
			productName = PXLineChartFramework;
			productReference = 76CEA5C91EB17FDC00136FA0 /* PXLineChart.framework */;
			productType = "com.apple.product-type.framework";
		};
/* End PBXNativeTarget section */

/* Begin PBXProject section */
		76A708BB1E9E418B0007BC8E /* Project object */ = {
			isa = PBXProject;
			attributes = {
				LastUpgradeCheck = 0820;
				ORGANIZATIONNAME = EB;
				TargetAttributes = {
					76A708C21E9E418B0007BC8E = {
						CreatedOnToolsVersion = 8.2.1;
						DevelopmentTeam = PEUS87V39Q;
						ProvisioningStyle = Automatic;
					};
					76A708DB1E9E418B0007BC8E = {
						CreatedOnToolsVersion = 8.2.1;
						DevelopmentTeam = PEUS87V39Q;
						ProvisioningStyle = Automatic;
						TestTargetID = 76A708C21E9E418B0007BC8E;
					};
					76A708E61E9E418B0007BC8E = {
						CreatedOnToolsVersion = 8.2.1;
						DevelopmentTeam = PEUS87V39Q;
						ProvisioningStyle = Automatic;
						TestTargetID = 76A708C21E9E418B0007BC8E;
					};
					76CEA5C81EB17FDC00136FA0 = {
						CreatedOnToolsVersion = 8.2.1;
						DevelopmentTeam = PEUS87V39Q;
						ProvisioningStyle = Automatic;
					};
				};
			};
			buildConfigurationList = 76A708BE1E9E418B0007BC8E /* Build configuration list for PBXProject "PXLineChart" */;
			compatibilityVersion = "Xcode 3.2";
			developmentRegion = English;
			hasScannedForEncodings = 0;
			knownRegions = (
				en,
				Base,
			);
			mainGroup = 76A708BA1E9E418B0007BC8E;
			productRefGroup = 76A708C41E9E418B0007BC8E /* Products */;
			projectDirPath = "";
			projectRoot = "";
			targets = (
				76A708C21E9E418B0007BC8E /* PXLineChart */,
				76A708DB1E9E418B0007BC8E /* PXLineChartTests */,
				76A708E61E9E418B0007BC8E /* PXLineChartUITests */,
				76CEA5C81EB17FDC00136FA0 /* PXLineChartFramework */,
			);
		};
/* End PBXProject section */

/* Begin PBXResourcesBuildPhase section */
		76A708C11E9E418B0007BC8E /* Resources */ = {
			isa = PBXResourcesBuildPhase;
			buildActionMask = 2147483647;
			files = (
				76A708D61E9E418B0007BC8E /* LaunchScreen.storyboard in Resources */,
				76A708D31E9E418B0007BC8E /* Assets.xcassets in Resources */,
				76A708D11E9E418B0007BC8E /* Main.storyboard in Resources */,
			);
			runOnlyForDeploymentPostprocessing = 0;
		};
		76A708DA1E9E418B0007BC8E /* Resources */ = {
			isa = PBXResourcesBuildPhase;
			buildActionMask = 2147483647;
			files = (
			);
			runOnlyForDeploymentPostprocessing = 0;
		};
		76A708E51E9E418B0007BC8E /* Resources */ = {
			isa = PBXResourcesBuildPhase;
			buildActionMask = 2147483647;
			files = (
			);
			runOnlyForDeploymentPostprocessing = 0;
		};
		76CEA5C71EB17FDC00136FA0 /* Resources */ = {
			isa = PBXResourcesBuildPhase;
			buildActionMask = 2147483647;
			files = (
			);
			runOnlyForDeploymentPostprocessing = 0;
		};
/* End PBXResourcesBuildPhase section */

/* Begin PBXSourcesBuildPhase section */
		76A708BF1E9E418B0007BC8E /* Sources */ = {
			isa = PBXSourcesBuildPhase;
			buildActionMask = 2147483647;
			files = (
				76A709031E9F5A170007BC8E /* PXYview.m in Sources */,
				76A708CE1E9E418B0007BC8E /* ViewController.m in Sources */,
				76A709061E9F5A320007BC8E /* PXXview.m in Sources */,
				76A708FC1E9E41E30007BC8E /* PXLineChartView.m in Sources */,
				76A708CB1E9E418B0007BC8E /* AppDelegate.m in Sources */,
				76B12D0E1EA206310087CE49 /* PointItem.m in Sources */,
				76A709001E9F27EF0007BC8E /* PXLineChartConst.m in Sources */,
				76A708C81E9E418B0007BC8E /* main.m in Sources */,
				76A709091E9F5A890007BC8E /* PXChartBackgroundView.m in Sources */,
			);
			runOnlyForDeploymentPostprocessing = 0;
		};
		76A708D81E9E418B0007BC8E /* Sources */ = {
			isa = PBXSourcesBuildPhase;
			buildActionMask = 2147483647;
			files = (
				76A708E11E9E418B0007BC8E /* PXLineChartTests.m in Sources */,
			);
			runOnlyForDeploymentPostprocessing = 0;
		};
		76A708E31E9E418B0007BC8E /* Sources */ = {
			isa = PBXSourcesBuildPhase;
			buildActionMask = 2147483647;
			files = (
				76A708EC1E9E418B0007BC8E /* PXLineChartUITests.m in Sources */,
			);
			runOnlyForDeploymentPostprocessing = 0;
		};
		76CEA5C41EB17FDC00136FA0 /* Sources */ = {
			isa = PBXSourcesBuildPhase;
			buildActionMask = 2147483647;
			files = (
				76CEA5E31EB1817200136FA0 /* PXLineChartView.m in Sources */,
				76CEA5E41EB1817200136FA0 /* PXChartBackgroundView.m in Sources */,
				76CEA5E51EB1817200136FA0 /* PXLineChartConst.m in Sources */,
				76CEA5E61EB1817200136FA0 /* PXYview.m in Sources */,
				76CEA5E71EB1817200136FA0 /* PXXview.m in Sources */,
			);
			runOnlyForDeploymentPostprocessing = 0;
		};
/* End PBXSourcesBuildPhase section */

/* Begin PBXTargetDependency section */
		76A708DE1E9E418B0007BC8E /* PBXTargetDependency */ = {
			isa = PBXTargetDependency;
			target = 76A708C21E9E418B0007BC8E /* PXLineChart */;
			targetProxy = 76A708DD1E9E418B0007BC8E /* PBXContainerItemProxy */;
		};
		76A708E91E9E418B0007BC8E /* PBXTargetDependency */ = {
			isa = PBXTargetDependency;
			target = 76A708C21E9E418B0007BC8E /* PXLineChart */;
			targetProxy = 76A708E81E9E418B0007BC8E /* PBXContainerItemProxy */;
		};
		76CEA5CF1EB17FDC00136FA0 /* PBXTargetDependency */ = {
			isa = PBXTargetDependency;
			target = 76CEA5C81EB17FDC00136FA0 /* PXLineChartFramework */;
			targetProxy = 76CEA5CE1EB17FDC00136FA0 /* PBXContainerItemProxy */;
		};
/* End PBXTargetDependency section */

/* Begin PBXVariantGroup section */
		76A708CF1E9E418B0007BC8E /* Main.storyboard */ = {
			isa = PBXVariantGroup;
			children = (
				76A708D01E9E418B0007BC8E /* Base */,
			);
			name = Main.storyboard;
			sourceTree = "<group>";
		};
		76A708D41E9E418B0007BC8E /* LaunchScreen.storyboard */ = {
			isa = PBXVariantGroup;
			children = (
				76A708D51E9E418B0007BC8E /* Base */,
			);
			name = LaunchScreen.storyboard;
			sourceTree = "<group>";
		};
/* End PBXVariantGroup section */

/* Begin XCBuildConfiguration section */
		76A708EE1E9E418B0007BC8E /* Debug */ = {
			isa = XCBuildConfiguration;
			buildSettings = {
				ALWAYS_SEARCH_USER_PATHS = NO;
				CLANG_ANALYZER_NONNULL = YES;
				CLANG_CXX_LANGUAGE_STANDARD = "gnu++0x";
				CLANG_CXX_LIBRARY = "libc++";
				CLANG_ENABLE_MODULES = YES;
				CLANG_ENABLE_OBJC_ARC = YES;
				CLANG_WARN_BOOL_CONVERSION = YES;
				CLANG_WARN_CONSTANT_CONVERSION = YES;
				CLANG_WARN_DIRECT_OBJC_ISA_USAGE = YES_ERROR;
				CLANG_WARN_DOCUMENTATION_COMMENTS = YES;
				CLANG_WARN_EMPTY_BODY = YES;
				CLANG_WARN_ENUM_CONVERSION = YES;
				CLANG_WARN_INFINITE_RECURSION = YES;
				CLANG_WARN_INT_CONVERSION = YES;
				CLANG_WARN_OBJC_ROOT_CLASS = YES_ERROR;
				CLANG_WARN_SUSPICIOUS_MOVE = YES;
				CLANG_WARN_UNREACHABLE_CODE = YES;
				CLANG_WARN__DUPLICATE_METHOD_MATCH = YES;
				"CODE_SIGN_IDENTITY[sdk=iphoneos*]" = "iPhone Developer";
				COPY_PHASE_STRIP = NO;
				DEBUG_INFORMATION_FORMAT = dwarf;
				ENABLE_STRICT_OBJC_MSGSEND = YES;
				ENABLE_TESTABILITY = YES;
				GCC_C_LANGUAGE_STANDARD = gnu99;
				GCC_DYNAMIC_NO_PIC = NO;
				GCC_NO_COMMON_BLOCKS = YES;
				GCC_OPTIMIZATION_LEVEL = 0;
				GCC_PREPROCESSOR_DEFINITIONS = (
					"DEBUG=1",
					"$(inherited)",
				);
				GCC_WARN_64_TO_32_BIT_CONVERSION = YES;
				GCC_WARN_ABOUT_RETURN_TYPE = YES_ERROR;
				GCC_WARN_UNDECLARED_SELECTOR = YES;
				GCC_WARN_UNINITIALIZED_AUTOS = YES_AGGRESSIVE;
				GCC_WARN_UNUSED_FUNCTION = YES;
				GCC_WARN_UNUSED_VARIABLE = YES;
				IPHONEOS_DEPLOYMENT_TARGET = 10.2;
				MTL_ENABLE_DEBUG_INFO = YES;
				ONLY_ACTIVE_ARCH = YES;
				SDKROOT = iphoneos;
			};
			name = Debug;
		};
		76A708EF1E9E418B0007BC8E /* Release */ = {
			isa = XCBuildConfiguration;
			buildSettings = {
				ALWAYS_SEARCH_USER_PATHS = NO;
				CLANG_ANALYZER_NONNULL = YES;
				CLANG_CXX_LANGUAGE_STANDARD = "gnu++0x";
				CLANG_CXX_LIBRARY = "libc++";
				CLANG_ENABLE_MODULES = YES;
				CLANG_ENABLE_OBJC_ARC = YES;
				CLANG_WARN_BOOL_CONVERSION = YES;
				CLANG_WARN_CONSTANT_CONVERSION = YES;
				CLANG_WARN_DIRECT_OBJC_ISA_USAGE = YES_ERROR;
				CLANG_WARN_DOCUMENTATION_COMMENTS = YES;
				CLANG_WARN_EMPTY_BODY = YES;
				CLANG_WARN_ENUM_CONVERSION = YES;
				CLANG_WARN_INFINITE_RECURSION = YES;
				CLANG_WARN_INT_CONVERSION = YES;
				CLANG_WARN_OBJC_ROOT_CLASS = YES_ERROR;
				CLANG_WARN_SUSPICIOUS_MOVE = YES;
				CLANG_WARN_UNREACHABLE_CODE = YES;
				CLANG_WARN__DUPLICATE_METHOD_MATCH = YES;
				"CODE_SIGN_IDENTITY[sdk=iphoneos*]" = "iPhone Developer";
				COPY_PHASE_STRIP = NO;
				DEBUG_INFORMATION_FORMAT = "dwarf-with-dsym";
				ENABLE_NS_ASSERTIONS = NO;
				ENABLE_STRICT_OBJC_MSGSEND = YES;
				GCC_C_LANGUAGE_STANDARD = gnu99;
				GCC_NO_COMMON_BLOCKS = YES;
				GCC_WARN_64_TO_32_BIT_CONVERSION = YES;
				GCC_WARN_ABOUT_RETURN_TYPE = YES_ERROR;
				GCC_WARN_UNDECLARED_SELECTOR = YES;
				GCC_WARN_UNINITIALIZED_AUTOS = YES_AGGRESSIVE;
				GCC_WARN_UNUSED_FUNCTION = YES;
				GCC_WARN_UNUSED_VARIABLE = YES;
				IPHONEOS_DEPLOYMENT_TARGET = 10.2;
				MTL_ENABLE_DEBUG_INFO = NO;
				SDKROOT = iphoneos;
				VALIDATE_PRODUCT = YES;
			};
			name = Release;
		};
		76A708F11E9E418B0007BC8E /* Debug */ = {
			isa = XCBuildConfiguration;
			buildSettings = {
				ASSETCATALOG_COMPILER_APPICON_NAME = AppIcon;
				DEVELOPMENT_TEAM = PEUS87V39Q;
				INFOPLIST_FILE = PXLineChart/Info.plist;
				IPHONEOS_DEPLOYMENT_TARGET = 8.0;
				LD_RUNPATH_SEARCH_PATHS = "$(inherited) @executable_path/Frameworks";
				PRODUCT_BUNDLE_IDENTIFIER = test.PXLineChart;
				PRODUCT_NAME = "$(TARGET_NAME)";
			};
			name = Debug;
		};
		76A708F21E9E418B0007BC8E /* Release */ = {
			isa = XCBuildConfiguration;
			buildSettings = {
				ASSETCATALOG_COMPILER_APPICON_NAME = AppIcon;
				DEVELOPMENT_TEAM = PEUS87V39Q;
				INFOPLIST_FILE = PXLineChart/Info.plist;
				IPHONEOS_DEPLOYMENT_TARGET = 8.0;
				LD_RUNPATH_SEARCH_PATHS = "$(inherited) @executable_path/Frameworks";
				PRODUCT_BUNDLE_IDENTIFIER = test.PXLineChart;
				PRODUCT_NAME = "$(TARGET_NAME)";
			};
			name = Release;
		};
		76A708F41E9E418B0007BC8E /* Debug */ = {
			isa = XCBuildConfiguration;
			buildSettings = {
				BUNDLE_LOADER = "$(TEST_HOST)";
				DEVELOPMENT_TEAM = PEUS87V39Q;
				INFOPLIST_FILE = PXLineChartTests/Info.plist;
				LD_RUNPATH_SEARCH_PATHS = "$(inherited) @executable_path/Frameworks @loader_path/Frameworks";
				PRODUCT_BUNDLE_IDENTIFIER = test.PXLineChartTests;
				PRODUCT_NAME = "$(TARGET_NAME)";
				TEST_HOST = "$(BUILT_PRODUCTS_DIR)/PXLineChart.app/PXLineChart";
			};
			name = Debug;
		};
		76A708F51E9E418B0007BC8E /* Release */ = {
			isa = XCBuildConfiguration;
			buildSettings = {
				BUNDLE_LOADER = "$(TEST_HOST)";
				DEVELOPMENT_TEAM = PEUS87V39Q;
				INFOPLIST_FILE = PXLineChartTests/Info.plist;
				LD_RUNPATH_SEARCH_PATHS = "$(inherited) @executable_path/Frameworks @loader_path/Frameworks";
				PRODUCT_BUNDLE_IDENTIFIER = test.PXLineChartTests;
				PRODUCT_NAME = "$(TARGET_NAME)";
				TEST_HOST = "$(BUILT_PRODUCTS_DIR)/PXLineChart.app/PXLineChart";
			};
			name = Release;
		};
		76A708F71E9E418B0007BC8E /* Debug */ = {
			isa = XCBuildConfiguration;
			buildSettings = {
				DEVELOPMENT_TEAM = PEUS87V39Q;
				INFOPLIST_FILE = PXLineChartUITests/Info.plist;
				LD_RUNPATH_SEARCH_PATHS = "$(inherited) @executable_path/Frameworks @loader_path/Frameworks";
				PRODUCT_BUNDLE_IDENTIFIER = test.PXLineChartUITests;
				PRODUCT_NAME = "$(TARGET_NAME)";
				TEST_TARGET_NAME = PXLineChart;
			};
			name = Debug;
		};
		76A708F81E9E418B0007BC8E /* Release */ = {
			isa = XCBuildConfiguration;
			buildSettings = {
				DEVELOPMENT_TEAM = PEUS87V39Q;
				INFOPLIST_FILE = PXLineChartUITests/Info.plist;
				LD_RUNPATH_SEARCH_PATHS = "$(inherited) @executable_path/Frameworks @loader_path/Frameworks";
				PRODUCT_BUNDLE_IDENTIFIER = test.PXLineChartUITests;
				PRODUCT_NAME = "$(TARGET_NAME)";
				TEST_TARGET_NAME = PXLineChart;
			};
			name = Release;
		};
		76CEA5D21EB17FDC00136FA0 /* Debug */ = {
			isa = XCBuildConfiguration;
			buildSettings = {
				CODE_SIGN_IDENTITY = "";
				CURRENT_PROJECT_VERSION = 1;
				DEFINES_MODULE = YES;
				DEVELOPMENT_TEAM = PEUS87V39Q;
				DYLIB_COMPATIBILITY_VERSION = 1;
				DYLIB_CURRENT_VERSION = 1;
				DYLIB_INSTALL_NAME_BASE = "@rpath";
				INFOPLIST_FILE = PXLineChartFramework/Info.plist;
				INSTALL_PATH = "$(LOCAL_LIBRARY_DIR)/Frameworks";
				IPHONEOS_DEPLOYMENT_TARGET = 8.0;
				LD_RUNPATH_SEARCH_PATHS = "$(inherited) @executable_path/Frameworks @loader_path/Frameworks";
				PRODUCT_BUNDLE_IDENTIFIER = test.PXLineChartFramework;
				PRODUCT_MODULE_NAME = PXLineChart;
				PRODUCT_NAME = PXLineChart;
				SKIP_INSTALL = YES;
				TARGETED_DEVICE_FAMILY = "1,2";
				VERSIONING_SYSTEM = "apple-generic";
				VERSION_INFO_PREFIX = "";
			};
			name = Debug;
		};
		76CEA5D31EB17FDC00136FA0 /* Release */ = {
			isa = XCBuildConfiguration;
			buildSettings = {
				CODE_SIGN_IDENTITY = "";
				CURRENT_PROJECT_VERSION = 1;
				DEFINES_MODULE = YES;
				DEVELOPMENT_TEAM = PEUS87V39Q;
				DYLIB_COMPATIBILITY_VERSION = 1;
				DYLIB_CURRENT_VERSION = 1;
				DYLIB_INSTALL_NAME_BASE = "@rpath";
				INFOPLIST_FILE = PXLineChartFramework/Info.plist;
				INSTALL_PATH = "$(LOCAL_LIBRARY_DIR)/Frameworks";
				IPHONEOS_DEPLOYMENT_TARGET = 8.0;
				LD_RUNPATH_SEARCH_PATHS = "$(inherited) @executable_path/Frameworks @loader_path/Frameworks";
				PRODUCT_BUNDLE_IDENTIFIER = test.PXLineChartFramework;
				PRODUCT_MODULE_NAME = PXLineChart;
				PRODUCT_NAME = PXLineChart;
				SKIP_INSTALL = YES;
				TARGETED_DEVICE_FAMILY = "1,2";
				VERSIONING_SYSTEM = "apple-generic";
				VERSION_INFO_PREFIX = "";
			};
			name = Release;
		};
/* End XCBuildConfiguration section */

/* Begin XCConfigurationList section */
		76A708BE1E9E418B0007BC8E /* Build configuration list for PBXProject "PXLineChart" */ = {
			isa = XCConfigurationList;
			buildConfigurations = (
				76A708EE1E9E418B0007BC8E /* Debug */,
				76A708EF1E9E418B0007BC8E /* Release */,
			);
			defaultConfigurationIsVisible = 0;
			defaultConfigurationName = Release;
		};
		76A708F01E9E418B0007BC8E /* Build configuration list for PBXNativeTarget "PXLineChart" */ = {
			isa = XCConfigurationList;
			buildConfigurations = (
				76A708F11E9E418B0007BC8E /* Debug */,
				76A708F21E9E418B0007BC8E /* Release */,
			);
			defaultConfigurationIsVisible = 0;
			defaultConfigurationName = Release;
		};
		76A708F31E9E418B0007BC8E /* Build configuration list for PBXNativeTarget "PXLineChartTests" */ = {
			isa = XCConfigurationList;
			buildConfigurations = (
				76A708F41E9E418B0007BC8E /* Debug */,
				76A708F51E9E418B0007BC8E /* Release */,
			);
			defaultConfigurationIsVisible = 0;
			defaultConfigurationName = Release;
		};
		76A708F61E9E418B0007BC8E /* Build configuration list for PBXNativeTarget "PXLineChartUITests" */ = {
			isa = XCConfigurationList;
			buildConfigurations = (
				76A708F71E9E418B0007BC8E /* Debug */,
				76A708F81E9E418B0007BC8E /* Release */,
			);
			defaultConfigurationIsVisible = 0;
			defaultConfigurationName = Release;
		};
		76CEA5D41EB17FDC00136FA0 /* Build configuration list for PBXNativeTarget "PXLineChartFramework" */ = {
			isa = XCConfigurationList;
			buildConfigurations = (
				76CEA5D21EB17FDC00136FA0 /* Debug */,
				76CEA5D31EB17FDC00136FA0 /* Release */,
			);
			defaultConfigurationIsVisible = 0;
			defaultConfigurationName = Release;
		};
/* End XCConfigurationList section */
	};
	rootObject = 76A708BB1E9E418B0007BC8E /* Project object */;
}
